
Microsoft Visual Studio Solution File, Format Version 12.00
# Visual Studio Version 17
VisualStudioVersion = 17.2.32630.192
MinimumVisualStudioVersion = 10.0.40219.1
Project("{FAE04EC0-301F-11D3-BF4B-00C04F79EFBC}") = "Business", "Business\Business.csproj", "{01807782-D392-46E3-A605-929CAF5FE250}"
EndProject
Project("{FAE04EC0-301F-11D3-BF4B-00C04F79EFBC}") = "DataAccess", "DataAccess\DataAccess.csproj", "{54EFD6A8-BEAD-437D-BEA5-FE9ECB194718}"
EndProject
Project("{FAE04EC0-301F-11D3-BF4B-00C04F79EFBC}") = "Entities", "Entities\Entities.csproj", "{899AF82F-CD67-4525-A870-DD109477F460}"
EndProject
Project("{FAE04EC0-301F-11D3-BF4B-00C04F79EFBC}") = "Core", "Core\Core.csproj", "{66B5AF0B-E895-47F2-929A-292C9296777B}"
EndProject
Project("{FAE04EC0-301F-11D3-BF4B-00C04F79EFBC}") = "WebAPI", "WebAPI\WebAPI.csproj", "{82C23D50-D78C-4EEB-9871-BE5180413466}"
EndProject
Global
	GlobalSection(SolutionConfigurationPlatforms) = preSolution
		Debug|Any CPU = Debug|Any CPU
		Release|Any CPU = Release|Any CPU
	EndGlobalSection
	GlobalSection(ProjectConfigurationPlatforms) = postSolution
		{01807782-D392-46E3-A605-929CAF5FE250}.Debug|Any CPU.ActiveCfg = Debug|Any CPU
		{01807782-D392-46E3-A605-929CAF5FE250}.Debug|Any CPU.Build.0 = Debug|Any CPU
		{01807782-D392-46E3-A605-929CAF5FE250}.Release|Any CPU.ActiveCfg = Release|Any CPU
		{01807782-D392-46E3-A605-929CAF5FE250}.Release|Any CPU.Build.0 = Release|Any CPU
		{54EFD6A8-BEAD-437D-BEA5-FE9ECB194718}.Debug|Any CPU.ActiveCfg = Debug|Any CPU
		{54EFD6A8-BEAD-437D-BEA5-FE9ECB194718}.Debug|Any CPU.Build.0 = Debug|Any CPU
		{54EFD6A8-BEAD-437D-BEA5-FE9ECB194718}.Release|Any CPU.ActiveCfg = Release|Any CPU
		{54EFD6A8-BEAD-437D-BEA5-FE9ECB194718}.Release|Any CPU.Build.0 = Release|Any CPU
		{899AF82F-CD67-4525-A870-DD109477F460}.Debug|Any CPU.ActiveCfg = Debug|Any CPU
		{899AF82F-CD67-4525-A870-DD109477F460}.Debug|Any CPU.Build.0 = Debug|Any CPU
		{899AF82F-CD67-4525-A870-DD109477F460}.Release|Any CPU.ActiveCfg = Release|Any CPU
		{899AF82F-CD67-4525-A870-DD109477F460}.Release|Any CPU.Build.0 = Release|Any CPU
		{66B5AF0B-E895-47F2-929A-292C9296777B}.Debug|Any CPU.ActiveCfg = Debug|Any CPU
		{66B5AF0B-E895-47F2-929A-292C9296777B}.Debug|Any CPU.Build.0 = Debug|Any CPU
		{66B5AF0B-E895-47F2-929A-292C9296777B}.Release|Any CPU.ActiveCfg = Release|Any CPU
		{66B5AF0B-E895-47F2-929A-292C9296777B}.Release|Any CPU.Build.0 = Release|Any CPU
		{82C23D50-D78C-4EEB-9871-BE5180413466}.Debug|Any CPU.ActiveCfg = Debug|Any CPU
		{82C23D50-D78C-4EEB-9871-BE5180413466}.Debug|Any CPU.Build.0 = Debug|Any CPU
		{82C23D50-D78C-4EEB-9871-BE5180413466}.Release|Any CPU.ActiveCfg = Release|Any CPU
		{82C23D50-D78C-4EEB-9871-BE5180413466}.Release|Any CPU.Build.0 = Release|Any CPU
	EndGlobalSection
	GlobalSection(SolutionProperties) = preSolution
		HideSolutionNode = FALSE
	EndGlobalSection
	GlobalSection(ExtensibilityGlobals) = postSolution
		SolutionGuid = {64F16C7A-7F62-4853-9A12-97A1EB27CE27}
	EndGlobalSection
EndGlobal
